
Microsoft Visual Studio Solution File, Format Version 12.00
# Visual Studio 2013
VisualStudioVersion = 12.0.30723.0
MinimumVisualStudioVersion = 10.0.40219.1
Project("{FAE04EC0-301F-11D3-BF4B-00C04F79EFBC}") = "W2W SDK", "W2W SDK.csproj", "{6952408F-637A-494B-AA40-536FEE0BFFCF}"
EndProject
Global
	GlobalSection(SolutionConfigurationPlatforms) = preSolution
		Debug|Any CPU = Debug|Any CPU
		Release|Any CPU = Release|Any CPU
	EndGlobalSection
	GlobalSection(ProjectConfigurationPlatforms) = postSolution
		{6952408F-637A-494B-AA40-536FEE0BFFCF}.Debug|Any CPU.ActiveCfg = Debug|Any CPU
		{6952408F-637A-494B-AA40-536FEE0BFFCF}.Debug|Any CPU.Build.0 = Debug|Any CPU
		{6952408F-637A-494B-AA40-536FEE0BFFCF}.Release|Any CPU.ActiveCfg = Release|Any CPU
		{6952408F-637A-494B-AA40-536FEE0BFFCF}.Release|Any CPU.Build.0 = Release|Any CPU
	EndGlobalSection
	GlobalSection(SolutionProperties) = preSolution
		HideSolutionNode = FALSE
	EndGlobalSection
EndGlobal
